{
  "name": "copilot-notify",
  "lockfileVersion": 3,
  "requires": true,
  "packages": {
    "": {
      "name": "copilot-notify",
      "devDependencies": {
        "@github/copilot-sdk": "^0.1.33-preview.3",
        "@types/node": "^24.12.0"
      }
    },
    "node_modules/@github/copilot": {
      "version": "1.0.9",
      "resolved": "https://registry.npmjs.org/@github/copilot/-/copilot-1.0.9.tgz",
      "integrity": "sha512-Kf9okaiXF7C4R38wNf4wLMzq0pCjXYvT6UL5thfA0Ttre1L3oZrPyRUzpqUp0cPnNWGU3oTz3bew0eur7IoPmg==",
      "dev": true,
      "license": "SEE LICENSE IN LICENSE.md",
      "bin": {
        "copilot": "npm-loader.js"
      },
      "optionalDependencies": {
        "@github/copilot-darwin-arm64": "1.0.9",
        "@github/copilot-darwin-x64": "1.0.9",
        "@github/copilot-linux-arm64": "1.0.9",
        "@github/copilot-linux-x64": "1.0.9",
        "@github/copilot-win32-arm64": "1.0.9",
        "@github/copilot-win32-x64": "1.0.9"
      }
    },
    "node_modules/@github/copilot-darwin-arm64": {
      "version": "1.0.9",
      "resolved": "https://registry.npmjs.org/@github/copilot-darwin-arm64/-/copilot-darwin-arm64-1.0.9.tgz",
      "integrity": "sha512-bqaiE9JkXXG979fmy8uK0cbDjk0gQyUkkdpWDIawf6KwVfoFxpk8dx0Xgl2Bt2vST0FPdT2PlqEYdnDz/6ZuaA==",
      "cpu": [
        "arm64"
      ],
      "dev": true,
      "license": "SEE LICENSE IN LICENSE.md",
      "optional": true,
      "os": [
        "darwin"
      ],
      "bin": {
        "copilot-darwin-arm64": "copilot"
      }
    },
    "node_modules/@github/copilot-darwin-x64": {
      "version": "1.0.9",
      "resolved": "https://registry.npmjs.org/@github/copilot-darwin-x64/-/copilot-darwin-x64-1.0.9.tgz",
      "integrity": "sha512-m1d8TwgbZuviKtZEoKJdgcgFDAKunXzJyAFulIt10WVtkFB32tKbzKj10gZr+C+XdkuNnWjI5RgVPjvcn8zlCw==",
      "cpu": [
        "x64"
      ],
      "dev": true,
      "license": "SEE LICENSE IN LICENSE.md",
      "optional": true,
      "os": [
        "darwin"
      ],
      "bin": {
        "copilot-darwin-x64": "copilot"
      }
    },
    "node_modules/@github/copilot-linux-arm64": {
      "version": "1.0.9",
      "resolved": "https://registry.npmjs.org/@github/copilot-linux-arm64/-/copilot-linux-arm64-1.0.9.tgz",
      "integrity": "sha512-3k/pIzpaCIGTr1uGXiBadW8AYWmlfkstDMYokkYYON0ZZ7dTAQRDLQTe3AD4kd0fFjtTdS6Cr56kKVIO1AHWkw==",
      "cpu": [
        "arm64"
      ],
      "dev": true,
      "license": "SEE LICENSE IN LICENSE.md",
      "optional": true,
      "os": [
        "linux"
      ],
      "bin": {
        "copilot-linux-arm64": "copilot"
      }
    },
    "node_modules/@github/copilot-linux-x64": {
      "version": "1.0.9",
      "resolved": "https://registry.npmjs.org/@github/copilot-linux-x64/-/copilot-linux-x64-1.0.9.tgz",
      "integrity": "sha512-tMd4Md69Jz7Z3jPEpkcGK6+4tx6UlMUOz405FqfItGmNXMw3JXQehZi3DaigYWotWU5TgUwVavRxiADup5AtsQ==",
      "cpu": [
        "x64"
      ],
      "dev": true,
      "license": "SEE LICENSE IN LICENSE.md",
      "optional": true,
      "os": [
        "linux"
      ],
      "bin": {
        "copilot-linux-x64": "copilot"
      }
    },
    "node_modules/@github/copilot-sdk": {
      "version": "0.1.33-preview.3",
      "resolved": "https://registry.npmjs.org/@github/copilot-sdk/-/copilot-sdk-0.1.33-preview.3.tgz",
      "integrity": "sha512-rR/UtAFQi1GakTHkTbzwsTab1zEIrtIr8axYzf8gajK7aEPOAiwXuWywNJjRXyKU5J1TWX+us/hhziQmz+Z+Wg==",
      "dev": true,
      "license": "MIT",
      "dependencies": {
        "@github/copilot": "^1.0.4",
        "vscode-jsonrpc": "^8.2.1",
        "zod": "^4.3.6"
      },
      "engines": {
        "node": ">=20.0.0"
      }
    },
    "node_modules/@github/copilot-win32-arm64": {
      "version": "1.0.9",
      "resolved": "https://registry.npmjs.org/@github/copilot-win32-arm64/-/copilot-win32-arm64-1.0.9.tgz",
      "integrity": "sha512-mSkjT9A78GgyHTAX0I69yo2cUG86mG4sbldCqqXm/ZbPoHq/+1+6KxIGYeDFQU9BowT4W/fboSCFY/2OtVSY5Q==",
      "cpu": [
        "arm64"
      ],
      "dev": true,
      "license": "SEE LICENSE IN LICENSE.md",
      "optional": true,
      "os": [
        "win32"
      ],
      "bin": {
        "copilot-win32-arm64": "copilot.exe"
      }
    },
    "node_modules/@github/copilot-win32-x64": {
      "version": "1.0.9",
      "resolved": "https://registry.npmjs.org/@github/copilot-win32-x64/-/copilot-win32-x64-1.0.9.tgz",
      "integrity": "sha512-0uaSe0sgFANXU6S9OMSj7/7swiUro61+/N/3GEUwgRJer7dfvBEFgpDC8F//pkBT9fawQS6sGCnlHk7gVCqC2g==",
      "cpu": [
        "x64"
      ],
      "dev": true,
      "license": "SEE LICENSE IN LICENSE.md",
      "optional": true,
      "os": [
        "win32"
      ],
      "bin": {
        "copilot-win32-x64": "copilot.exe"
      }
    },
    "node_modules/@types/node": {
      "version": "24.12.0",
      "resolved": "https://registry.npmjs.org/@types/node/-/node-24.12.0.tgz",
      "integrity": "sha512-GYDxsZi3ChgmckRT9HPU0WEhKLP08ev/Yfcq2AstjrDASOYCSXeyjDsHg4v5t4jOj7cyDX3vmprafKlWIG9MXQ==",
      "dev": true,
      "license": "MIT",
      "dependencies": {
        "undici-types": "~7.16.0"
      }
    },
    "node_modules/undici-types": {
      "version": "7.16.0",
      "resolved": "https://registry.npmjs.org/undici-types/-/undici-types-7.16.0.tgz",
      "integrity": "sha512-Zz+aZWSj8LE6zoxD+xrjh4VfkIG8Ya6LvYkZqtUQGJPZjYl53ypCaUwWqo7eI0x66KBGeRo+mlBEkMSeSZ38Nw==",
      "dev": true,
      "license": "MIT"
    },
    "node_modules/vscode-jsonrpc": {
      "version": "8.2.1",
      "resolved": "https://registry.npmjs.org/vscode-jsonrpc/-/vscode-jsonrpc-8.2.1.tgz",
      "integrity": "sha512-kdjOSJ2lLIn7r1rtrMbbNCHjyMPfRnowdKjBQ+mGq6NAW5QY2bEZC/khaC5OR8svbbjvLEaIXkOq45e2X9BIbQ==",
      "dev": true,
      "license": "MIT",
      "engines": {
        "node": ">=14.0.0"
      }
    },
    "node_modules/zod": {
      "version": "4.3.6",
      "resolved": "https://registry.npmjs.org/zod/-/zod-4.3.6.tgz",
      "integrity": "sha512-rftlrkhHZOcjDwkGlnUtZZkvaPHCsDATp4pGpuOOMDaTdDDXF91wuVDJoWoPsKX/3YPQ5fHuF3STjcYyKr+Qhg==",
      "dev": true,
      "license": "MIT",
      "funding": {
        "url": "https://github.com/sponsors/colinhacks"
      }
    }
  }
}
